
Microsoft Visual Studio Solution File, Format Version 12.00
# Visual Studio Version 17
VisualStudioVersion = 17.12.35527.113
MinimumVisualStudioVersion = 10.0.40219.1
Project("{FAE04EC0-301F-11D3-BF4B-00C04F79EFBC}") = "CompanyEmployees", "CompanyEmployees\CompanyEmployees.csproj", "{F48C2CBC-128B-426C-A79F-A07EB87E1783}"
EndProject
Project("{FAE04EC0-301F-11D3-BF4B-00C04F79EFBC}") = "Contracts", "Contracts\Contracts.csproj", "{8EF6E6EA-0304-4E81-9650-283199ED9814}"
EndProject
Project("{FAE04EC0-301F-11D3-BF4B-00C04F79EFBC}") = "LoggerService", "LoggerService\LoggerService.csproj", "{9C26944B-29D6-4489-BC53-04D79509F83F}"
EndProject
Project("{FAE04EC0-301F-11D3-BF4B-00C04F79EFBC}") = "Entities", "Entities\Entities.csproj", "{B53B5D1F-847A-41A2-A304-9EB2F992CE72}"
EndProject
Project("{FAE04EC0-301F-11D3-BF4B-00C04F79EFBC}") = "Repository", "Repository\Repository.csproj", "{BA5F1AED-79E6-4E9F-9632-DEDBA2A780CB}"
EndProject
Project("{FAE04EC0-301F-11D3-BF4B-00C04F79EFBC}") = "Services", "Services\Services.csproj", "{1FD0F756-592E-4FFD-AFCD-8743D8B86425}"
EndProject
Project("{FAE04EC0-301F-11D3-BF4B-00C04F79EFBC}") = "Service.Contracts", "Service.Contracts\Service.Contracts.csproj", "{FB47F16A-2111-4145-BA81-F5FDC5BCB0BE}"
EndProject
Project("{FAE04EC0-301F-11D3-BF4B-00C04F79EFBC}") = "CompanyEmployees.Presentation", "CompanyEmployees.Presentation\CompanyEmployees.Presentation.csproj", "{547225D1-45D2-4B07-B872-594C2C1C2CAF}"
EndProject
Global
	GlobalSection(SolutionConfigurationPlatforms) = preSolution
		Debug|Any CPU = Debug|Any CPU
		Release|Any CPU = Release|Any CPU
	EndGlobalSection
	GlobalSection(ProjectConfigurationPlatforms) = postSolution
		{F48C2CBC-128B-426C-A79F-A07EB87E1783}.Debug|Any CPU.ActiveCfg = Debug|Any CPU
		{F48C2CBC-128B-426C-A79F-A07EB87E1783}.Debug|Any CPU.Build.0 = Debug|Any CPU
		{F48C2CBC-128B-426C-A79F-A07EB87E1783}.Release|Any CPU.ActiveCfg = Release|Any CPU
		{F48C2CBC-128B-426C-A79F-A07EB87E1783}.Release|Any CPU.Build.0 = Release|Any CPU
		{8EF6E6EA-0304-4E81-9650-283199ED9814}.Debug|Any CPU.ActiveCfg = Debug|Any CPU
		{8EF6E6EA-0304-4E81-9650-283199ED9814}.Debug|Any CPU.Build.0 = Debug|Any CPU
		{8EF6E6EA-0304-4E81-9650-283199ED9814}.Release|Any CPU.ActiveCfg = Release|Any CPU
		{8EF6E6EA-0304-4E81-9650-283199ED9814}.Release|Any CPU.Build.0 = Release|Any CPU
		{9C26944B-29D6-4489-BC53-04D79509F83F}.Debug|Any CPU.ActiveCfg = Debug|Any CPU
		{9C26944B-29D6-4489-BC53-04D79509F83F}.Debug|Any CPU.Build.0 = Debug|Any CPU
		{9C26944B-29D6-4489-BC53-04D79509F83F}.Release|Any CPU.ActiveCfg = Release|Any CPU
		{9C26944B-29D6-4489-BC53-04D79509F83F}.Release|Any CPU.Build.0 = Release|Any CPU
		{B53B5D1F-847A-41A2-A304-9EB2F992CE72}.Debug|Any CPU.ActiveCfg = Debug|Any CPU
		{B53B5D1F-847A-41A2-A304-9EB2F992CE72}.Debug|Any CPU.Build.0 = Debug|Any CPU
		{B53B5D1F-847A-41A2-A304-9EB2F992CE72}.Release|Any CPU.ActiveCfg = Release|Any CPU
		{B53B5D1F-847A-41A2-A304-9EB2F992CE72}.Release|Any CPU.Build.0 = Release|Any CPU
		{BA5F1AED-79E6-4E9F-9632-DEDBA2A780CB}.Debug|Any CPU.ActiveCfg = Debug|Any CPU
		{BA5F1AED-79E6-4E9F-9632-DEDBA2A780CB}.Debug|Any CPU.Build.0 = Debug|Any CPU
		{BA5F1AED-79E6-4E9F-9632-DEDBA2A780CB}.Release|Any CPU.ActiveCfg = Release|Any CPU
		{BA5F1AED-79E6-4E9F-9632-DEDBA2A780CB}.Release|Any CPU.Build.0 = Release|Any CPU
		{1FD0F756-592E-4FFD-AFCD-8743D8B86425}.Debug|Any CPU.ActiveCfg = Debug|Any CPU
		{1FD0F756-592E-4FFD-AFCD-8743D8B86425}.Debug|Any CPU.Build.0 = Debug|Any CPU
		{1FD0F756-592E-4FFD-AFCD-8743D8B86425}.Release|Any CPU.ActiveCfg = Release|Any CPU
		{1FD0F756-592E-4FFD-AFCD-8743D8B86425}.Release|Any CPU.Build.0 = Release|Any CPU
		{FB47F16A-2111-4145-BA81-F5FDC5BCB0BE}.Debug|Any CPU.ActiveCfg = Debug|Any CPU
		{FB47F16A-2111-4145-BA81-F5FDC5BCB0BE}.Debug|Any CPU.Build.0 = Debug|Any CPU
		{FB47F16A-2111-4145-BA81-F5FDC5BCB0BE}.Release|Any CPU.ActiveCfg = Release|Any CPU
		{FB47F16A-2111-4145-BA81-F5FDC5BCB0BE}.Release|Any CPU.Build.0 = Release|Any CPU
		{547225D1-45D2-4B07-B872-594C2C1C2CAF}.Debug|Any CPU.ActiveCfg = Debug|Any CPU
		{547225D1-45D2-4B07-B872-594C2C1C2CAF}.Debug|Any CPU.Build.0 = Debug|Any CPU
		{547225D1-45D2-4B07-B872-594C2C1C2CAF}.Release|Any CPU.ActiveCfg = Release|Any CPU
		{547225D1-45D2-4B07-B872-594C2C1C2CAF}.Release|Any CPU.Build.0 = Release|Any CPU
	EndGlobalSection
	GlobalSection(SolutionProperties) = preSolution
		HideSolutionNode = FALSE
	EndGlobalSection
EndGlobal
